
Microsoft Visual Studio Solution File, Format Version 12.00
Project("{FAE04EC0-301F-11D3-BF4B-00C04F79EFBC}") = "BasicCalculator", "BasicCalculator\BasicCalculator.csproj", "{6AD719FB-41A7-4732-A531-E9C4ED7511DB}"
EndProject
Global
	GlobalSection(SolutionConfigurationPlatforms) = preSolution
		Debug|Any CPU = Debug|Any CPU
		Release|Any CPU = Release|Any CPU
	EndGlobalSection
	GlobalSection(ProjectConfigurationPlatforms) = postSolution
		{6AD719FB-41A7-4732-A531-E9C4ED7511DB}.Debug|Any CPU.ActiveCfg = Debug|Any CPU
		{6AD719FB-41A7-4732-A531-E9C4ED7511DB}.Debug|Any CPU.Build.0 = Debug|Any CPU
		{6AD719FB-41A7-4732-A531-E9C4ED7511DB}.Release|Any CPU.ActiveCfg = Release|Any CPU
		{6AD719FB-41A7-4732-A531-E9C4ED7511DB}.Release|Any CPU.Build.0 = Release|Any CPU
	EndGlobalSection
EndGlobal
